
Microsoft Visual Studio Solution File, Format Version 12.00
# Visual Studio Version 16
VisualStudioVersion = 16.0.30104.148
MinimumVisualStudioVersion = 10.0.40219.1
Project("{9A19103F-16F7-4668-BE54-9A1E7A4F7556}") = "DancingLinks", "DancingLinks\DancingLinks.csproj", "{061F6F8C-C9DF-4FD1-893B-AB07D895F38A}"
EndProject
Project("{9A19103F-16F7-4668-BE54-9A1E7A4F7556}") = "SudokuSolver", "SudokuSolver\SudokuSolver.csproj", "{59072514-CFE2-4048-A4B5-CB814AA29314}"
EndProject
Project("{9A19103F-16F7-4668-BE54-9A1E7A4F7556}") = "SudokuSolver.Tests", "SudokuSolver.Tests\SudokuSolver.Tests.csproj", "{599AC5E0-2D3B-41DA-B467-04C8A756A4E1}"
EndProject
Project("{9A19103F-16F7-4668-BE54-9A1E7A4F7556}") = "Pentominoes", "Pentominoes\Pentominoes.csproj", "{A5D64BF6-2EF1-4CE5-8F2D-05EEE7018DAF}"
EndProject
Project("{9A19103F-16F7-4668-BE54-9A1E7A4F7556}") = "Pentominoes.Tests", "Pentominoes.Tests\Pentominoes.Tests.csproj", "{1F0B320C-557D-4FE1-8762-B549664F2005}"
EndProject
Project("{9A19103F-16F7-4668-BE54-9A1E7A4F7556}") = "ConsoleApp", "ConsoleApp\ConsoleApp.csproj", "{F7CEC222-DE4A-488F-9D6A-752A1A42D733}"
EndProject
Project("{FAE04EC0-301F-11D3-BF4B-00C04F79EFBC}") = "NQueens", "NQueens\NQueens.csproj", "{93B2783B-BD67-4F84-96B0-4C4F6F8F97F1}"
EndProject
Project("{FAE04EC0-301F-11D3-BF4B-00C04F79EFBC}") = "Polycube", "Polycube\Polycube.csproj", "{97764008-7A1C-4D24-ABDF-937B36861602}"
EndProject
Global
	GlobalSection(SolutionConfigurationPlatforms) = preSolution
		Debug|Any CPU = Debug|Any CPU
		Release|Any CPU = Release|Any CPU
	EndGlobalSection
	GlobalSection(ProjectConfigurationPlatforms) = postSolution
		{061F6F8C-C9DF-4FD1-893B-AB07D895F38A}.Debug|Any CPU.ActiveCfg = Debug|Any CPU
		{061F6F8C-C9DF-4FD1-893B-AB07D895F38A}.Debug|Any CPU.Build.0 = Debug|Any CPU
		{061F6F8C-C9DF-4FD1-893B-AB07D895F38A}.Release|Any CPU.ActiveCfg = Release|Any CPU
		{061F6F8C-C9DF-4FD1-893B-AB07D895F38A}.Release|Any CPU.Build.0 = Release|Any CPU
		{59072514-CFE2-4048-A4B5-CB814AA29314}.Debug|Any CPU.ActiveCfg = Debug|Any CPU
		{59072514-CFE2-4048-A4B5-CB814AA29314}.Debug|Any CPU.Build.0 = Debug|Any CPU
		{59072514-CFE2-4048-A4B5-CB814AA29314}.Release|Any CPU.ActiveCfg = Release|Any CPU
		{59072514-CFE2-4048-A4B5-CB814AA29314}.Release|Any CPU.Build.0 = Release|Any CPU
		{599AC5E0-2D3B-41DA-B467-04C8A756A4E1}.Debug|Any CPU.ActiveCfg = Debug|Any CPU
		{599AC5E0-2D3B-41DA-B467-04C8A756A4E1}.Debug|Any CPU.Build.0 = Debug|Any CPU
		{599AC5E0-2D3B-41DA-B467-04C8A756A4E1}.Release|Any CPU.ActiveCfg = Release|Any CPU
		{599AC5E0-2D3B-41DA-B467-04C8A756A4E1}.Release|Any CPU.Build.0 = Release|Any CPU
		{A5D64BF6-2EF1-4CE5-8F2D-05EEE7018DAF}.Debug|Any CPU.ActiveCfg = Debug|Any CPU
		{A5D64BF6-2EF1-4CE5-8F2D-05EEE7018DAF}.Debug|Any CPU.Build.0 = Debug|Any CPU
		{A5D64BF6-2EF1-4CE5-8F2D-05EEE7018DAF}.Release|Any CPU.ActiveCfg = Release|Any CPU
		{A5D64BF6-2EF1-4CE5-8F2D-05EEE7018DAF}.Release|Any CPU.Build.0 = Release|Any CPU
		{1F0B320C-557D-4FE1-8762-B549664F2005}.Debug|Any CPU.ActiveCfg = Debug|Any CPU
		{1F0B320C-557D-4FE1-8762-B549664F2005}.Debug|Any CPU.Build.0 = Debug|Any CPU
		{1F0B320C-557D-4FE1-8762-B549664F2005}.Release|Any CPU.ActiveCfg = Release|Any CPU
		{1F0B320C-557D-4FE1-8762-B549664F2005}.Release|Any CPU.Build.0 = Release|Any CPU
		{F7CEC222-DE4A-488F-9D6A-752A1A42D733}.Debug|Any CPU.ActiveCfg = Debug|Any CPU
		{F7CEC222-DE4A-488F-9D6A-752A1A42D733}.Debug|Any CPU.Build.0 = Debug|Any CPU
		{F7CEC222-DE4A-488F-9D6A-752A1A42D733}.Release|Any CPU.ActiveCfg = Release|Any CPU
		{F7CEC222-DE4A-488F-9D6A-752A1A42D733}.Release|Any CPU.Build.0 = Release|Any CPU
		{93B2783B-BD67-4F84-96B0-4C4F6F8F97F1}.Debug|Any CPU.ActiveCfg = Debug|Any CPU
		{93B2783B-BD67-4F84-96B0-4C4F6F8F97F1}.Debug|Any CPU.Build.0 = Debug|Any CPU
		{93B2783B-BD67-4F84-96B0-4C4F6F8F97F1}.Release|Any CPU.ActiveCfg = Release|Any CPU
		{93B2783B-BD67-4F84-96B0-4C4F6F8F97F1}.Release|Any CPU.Build.0 = Release|Any CPU
		{97764008-7A1C-4D24-ABDF-937B36861602}.Debug|Any CPU.ActiveCfg = Debug|Any CPU
		{97764008-7A1C-4D24-ABDF-937B36861602}.Debug|Any CPU.Build.0 = Debug|Any CPU
		{97764008-7A1C-4D24-ABDF-937B36861602}.Release|Any CPU.ActiveCfg = Release|Any CPU
		{97764008-7A1C-4D24-ABDF-937B36861602}.Release|Any CPU.Build.0 = Release|Any CPU
	EndGlobalSection
	GlobalSection(SolutionProperties) = preSolution
		HideSolutionNode = FALSE
	EndGlobalSection
	GlobalSection(ExtensibilityGlobals) = postSolution
		SolutionGuid = {BEE98168-E978-40DE-BE08-CF4ED9056F89}
	EndGlobalSection
EndGlobal
